
Microsoft Visual Studio Solution File, Format Version 12.00
# Visual Studio Version 16
VisualStudioVersion = 16.0.30309.148
MinimumVisualStudioVersion = 10.0.40219.1
Project("{FAE04EC0-301F-11D3-BF4B-00C04F79EFBC}") = "Обучающе-тестирующая программа 'Математика'", "Обучающе-тестирующая программа 'Математика'\Обучающе-тестирующая программа 'Математика'.csproj", "{03D99148-15E3-45EA-B30F-5F1648DD7F0D}"
EndProject
Global
	GlobalSection(SolutionConfigurationPlatforms) = preSolution
		Debug|Any CPU = Debug|Any CPU
		Release|Any CPU = Release|Any CPU
	EndGlobalSection
	GlobalSection(ProjectConfigurationPlatforms) = postSolution
		{03D99148-15E3-45EA-B30F-5F1648DD7F0D}.Debug|Any CPU.ActiveCfg = Debug|Any CPU
		{03D99148-15E3-45EA-B30F-5F1648DD7F0D}.Debug|Any CPU.Build.0 = Debug|Any CPU
		{03D99148-15E3-45EA-B30F-5F1648DD7F0D}.Release|Any CPU.ActiveCfg = Release|Any CPU
		{03D99148-15E3-45EA-B30F-5F1648DD7F0D}.Release|Any CPU.Build.0 = Release|Any CPU
	EndGlobalSection
	GlobalSection(SolutionProperties) = preSolution
		HideSolutionNode = FALSE
	EndGlobalSection
	GlobalSection(ExtensibilityGlobals) = postSolution
		SolutionGuid = {8EC33336-24A3-4CEB-B14C-F7B31A2BE3F5}
	EndGlobalSection
EndGlobal
